
Microsoft Visual Studio Solution File, Format Version 12.00
# Visual Studio 15
VisualStudioVersion = 15.0.28307.1340
MinimumVisualStudioVersion = 10.0.40219.1
Project("{F14B399A-7131-4C87-9E4B-1186C45EF12D}") = "Report Project1", "Report Project1\Report Project1.rptproj", "{377EE1FD-CA14-4154-9867-6B75119E0703}"
EndProject
Global
	GlobalSection(SolutionConfigurationPlatforms) = preSolution
		Debug|Default = Debug|Default
		DebugLocal|Default = DebugLocal|Default
		Release|Default = Release|Default
	EndGlobalSection
	GlobalSection(ProjectConfigurationPlatforms) = postSolution
		{377EE1FD-CA14-4154-9867-6B75119E0703}.Debug|Default.ActiveCfg = Debug
		{377EE1FD-CA14-4154-9867-6B75119E0703}.Debug|Default.Build.0 = Debug
		{377EE1FD-CA14-4154-9867-6B75119E0703}.Debug|Default.Deploy.0 = Debug
		{377EE1FD-CA14-4154-9867-6B75119E0703}.DebugLocal|Default.ActiveCfg = DebugLocal
		{377EE1FD-CA14-4154-9867-6B75119E0703}.DebugLocal|Default.Build.0 = DebugLocal
		{377EE1FD-CA14-4154-9867-6B75119E0703}.Release|Default.ActiveCfg = Release
		{377EE1FD-CA14-4154-9867-6B75119E0703}.Release|Default.Build.0 = Release
		{377EE1FD-CA14-4154-9867-6B75119E0703}.Release|Default.Deploy.0 = Release
	EndGlobalSection
	GlobalSection(SolutionProperties) = preSolution
		HideSolutionNode = FALSE
	EndGlobalSection
	GlobalSection(ExtensibilityGlobals) = postSolution
		SolutionGuid = {E93DE7C5-1074-4D6B-B562-B6AFE06C9402}
	EndGlobalSection
EndGlobal
